
Microsoft Visual Studio Solution File, Format Version 12.00
# Visual Studio Version 16
VisualStudioVersion = 16.0.28803.202
MinimumVisualStudioVersion = 10.0.40219.1
Project("{FAE04EC0-301F-11D3-BF4B-00C04F79EFBC}") = "PointInRectangle", "PointInRectangle\PointInRectangle.csproj", "{D866D274-7EB2-47CE-A26B-D21148C597C7}"
EndProject
Project("{9A19103F-16F7-4668-BE54-9A1E7A4F7556}") = "StudentSystem", "StudentSystem\P03_StudentSystem\StudentSystem.csproj", "{BA0A63CA-96AC-46F2-AA01-6EDC58C268FD}"
EndProject
Project("{FAE04EC0-301F-11D3-BF4B-00C04F79EFBC}") = "RhombusOfStars", "RhombusOfStars\RhombusOfStars.csproj", "{ACF14F14-7C9A-4CC0-B0D5-7DA21A558584}"
EndProject
Global
	GlobalSection(SolutionConfigurationPlatforms) = preSolution
		Debug|Any CPU = Debug|Any CPU
		Release|Any CPU = Release|Any CPU
	EndGlobalSection
	GlobalSection(ProjectConfigurationPlatforms) = postSolution
		{D866D274-7EB2-47CE-A26B-D21148C597C7}.Debug|Any CPU.ActiveCfg = Debug|Any CPU
		{D866D274-7EB2-47CE-A26B-D21148C597C7}.Debug|Any CPU.Build.0 = Debug|Any CPU
		{D866D274-7EB2-47CE-A26B-D21148C597C7}.Release|Any CPU.ActiveCfg = Release|Any CPU
		{D866D274-7EB2-47CE-A26B-D21148C597C7}.Release|Any CPU.Build.0 = Release|Any CPU
		{BA0A63CA-96AC-46F2-AA01-6EDC58C268FD}.Debug|Any CPU.ActiveCfg = Debug|Any CPU
		{BA0A63CA-96AC-46F2-AA01-6EDC58C268FD}.Debug|Any CPU.Build.0 = Debug|Any CPU
		{BA0A63CA-96AC-46F2-AA01-6EDC58C268FD}.Release|Any CPU.ActiveCfg = Release|Any CPU
		{BA0A63CA-96AC-46F2-AA01-6EDC58C268FD}.Release|Any CPU.Build.0 = Release|Any CPU
		{ACF14F14-7C9A-4CC0-B0D5-7DA21A558584}.Debug|Any CPU.ActiveCfg = Debug|Any CPU
		{ACF14F14-7C9A-4CC0-B0D5-7DA21A558584}.Debug|Any CPU.Build.0 = Debug|Any CPU
		{ACF14F14-7C9A-4CC0-B0D5-7DA21A558584}.Release|Any CPU.ActiveCfg = Release|Any CPU
		{ACF14F14-7C9A-4CC0-B0D5-7DA21A558584}.Release|Any CPU.Build.0 = Release|Any CPU
	EndGlobalSection
	GlobalSection(SolutionProperties) = preSolution
		HideSolutionNode = FALSE
	EndGlobalSection
	GlobalSection(ExtensibilityGlobals) = postSolution
		SolutionGuid = {6DE78C38-99A4-463E-A986-68A7B18727A0}
	EndGlobalSection
EndGlobal
