
Microsoft Visual Studio Solution File, Format Version 12.00
# Visual Studio Version 16
VisualStudioVersion = 16.0.28803.202
MinimumVisualStudioVersion = 10.0.40219.1
Project("{9A19103F-16F7-4668-BE54-9A1E7A4F7556}") = "INStock", "INStock - Skeleton\INStock\INStock.csproj", "{128B379E-806B-42D3-B58D-06ECA08B19C6}"
EndProject
Project("{9A19103F-16F7-4668-BE54-9A1E7A4F7556}") = "INStock.Tests", "INStock - Skeleton\INStock.Tests\INStock.Tests.csproj", "{1A75B755-30C5-4184-9A1A-A2227A1B4EDA}"
EndProject
Global
	GlobalSection(SolutionConfigurationPlatforms) = preSolution
		Debug|Any CPU = Debug|Any CPU
		Release|Any CPU = Release|Any CPU
	EndGlobalSection
	GlobalSection(ProjectConfigurationPlatforms) = postSolution
		{128B379E-806B-42D3-B58D-06ECA08B19C6}.Debug|Any CPU.ActiveCfg = Debug|Any CPU
		{128B379E-806B-42D3-B58D-06ECA08B19C6}.Debug|Any CPU.Build.0 = Debug|Any CPU
		{128B379E-806B-42D3-B58D-06ECA08B19C6}.Release|Any CPU.ActiveCfg = Release|Any CPU
		{128B379E-806B-42D3-B58D-06ECA08B19C6}.Release|Any CPU.Build.0 = Release|Any CPU
		{1A75B755-30C5-4184-9A1A-A2227A1B4EDA}.Debug|Any CPU.ActiveCfg = Debug|Any CPU
		{1A75B755-30C5-4184-9A1A-A2227A1B4EDA}.Debug|Any CPU.Build.0 = Debug|Any CPU
		{1A75B755-30C5-4184-9A1A-A2227A1B4EDA}.Release|Any CPU.ActiveCfg = Release|Any CPU
		{1A75B755-30C5-4184-9A1A-A2227A1B4EDA}.Release|Any CPU.Build.0 = Release|Any CPU
	EndGlobalSection
	GlobalSection(SolutionProperties) = preSolution
		HideSolutionNode = FALSE
	EndGlobalSection
	GlobalSection(ExtensibilityGlobals) = postSolution
		SolutionGuid = {8283C9F3-42A0-4B6F-B879-3D747BF34C26}
	EndGlobalSection
EndGlobal
